PODS:
  - CocoaLumberjack (3.4.2):
    - CocoaLumberjack/Default (= 3.4.2)
    - CocoaLumberjack/Extensions (= 3.4.2)
  - CocoaLumberjack/Default (3.4.2)
  - CocoaLumberjack/Extensions (3.4.2):
    - CocoaLumberjack/Default
  - OCMock (3.4.3)
  - Reachability (3.2)
  - SPLumberjackLogFormatter (0.0.1):
    - CocoaLumberjack
  - Vialer-pjsip-iOS (3.5)
  - VialerSIPLib (3.7.3):
    - CocoaLumberjack
    - Reachability
    - Vialer-pjsip-iOS

DEPENDENCIES:
  - OCMock
  - SPLumberjackLogFormatter (from `https://github.com/VoIPGRID/SPLumberjackLogFormatter.git`)
  - VialerSIPLib (from `https://github.com/truhoada/VialerSIPLib.git`, branch `trunghd/build`)

SPEC REPOS:
  https://github.com/CocoaPods/Specs.git:
    - CocoaLumberjack
    - OCMock
  trunk:
    - Reachability
    - Vialer-pjsip-iOS

EXTERNAL SOURCES:
  SPLumberjackLogFormatter:
    :git: https://github.com/VoIPGRID/SPLumberjackLogFormatter.git
  VialerSIPLib:
    :branch: trunghd/build
    :git: https://github.com/truhoada/VialerSIPLib.git

CHECKOUT OPTIONS:
  SPLumberjackLogFormatter:
    :commit: c0155bfd953746f13e94c84b8b2c13908242e3e4
    :git: https://github.com/VoIPGRID/SPLumberjackLogFormatter.git
  VialerSIPLib:
    :commit: d485d7dbe0c5b1af7dd7ae14e2ac0e1782243427
    :git: https://github.com/truhoada/VialerSIPLib.git

SPEC CHECKSUMS:
  CocoaLumberjack: db7cc9e464771f12054c22ff6947c5a58d43a0fd
  OCMock: 43565190abc78977ad44a61c0d20d7f0784d35ab
  Reachability: 33e18b67625424e47b6cde6d202dce689ad7af96
  SPLumberjackLogFormatter: a2290c9b880f3166b2d1bace45dc1fc1302b28ab
  Vialer-pjsip-iOS: 5ceea9f0e46a7748b2542ba04ca7dacf4de4b51c
  VialerSIPLib: b77fc823dd1dc4581a25510ef73ba044a2849bb3

PODFILE CHECKSUM: dce62cb275e05f473bec43cb2c67b13b6717e833

COCOAPODS: 1.10.0
